
Microsoft Visual Studio Solution File, Format Version 12.00
# Visual Studio Version 16
VisualStudioVersion = 16.0.31129.286
MinimumVisualStudioVersion = 10.0.40219.1
Project("{9A19103F-16F7-4668-BE54-9A1E7A4F7556}") = "Day01_SonarSweep", "Day01_SonarSweep\Day01_SonarSweep.csproj", "{86BE6B16-EB4C-4638-ADCC-CEE62E658692}"
EndProject
Project("{9A19103F-16F7-4668-BE54-9A1E7A4F7556}") = "Day02_Dive", "Day02_Dive\Day02_Dive.csproj", "{F57ADA88-F269-4B41-B1FC-FE121AB79276}"
EndProject
Project("{9A19103F-16F7-4668-BE54-9A1E7A4F7556}") = "Day03_BinaryDiagnostic", "Day03_BinaryDiagnostic\Day03_BinaryDiagnostic.csproj", "{C9FFEC8B-121C-4D93-A8DD-417686C19A90}"
EndProject
Project("{9A19103F-16F7-4668-BE54-9A1E7A4F7556}") = "SubmarineTools", "SubmarineTools\SubmarineTools.csproj", "{BD2FA95A-C2C9-4512-A90A-348DA9447645}"
EndProject
Project("{9A19103F-16F7-4668-BE54-9A1E7A4F7556}") = "SubmarineTests", "SubmarineTests\SubmarineTests.csproj", "{7E5D3C08-FE54-4A90-B302-CCD26DABFFB6}"
EndProject
Project("{9A19103F-16F7-4668-BE54-9A1E7A4F7556}") = "Day04_GiantSquid", "Day04_GiantSquid\Day04_GiantSquid.csproj", "{F1869C4E-C8F4-4BF8-BC45-EBFDF6B57568}"
EndProject
Project("{FAE04EC0-301F-11D3-BF4B-00C04F79EFBC}") = "Day05_HydrothermalVenture", "Day05_HydrothermalVenture\Day05_HydrothermalVenture.csproj", "{9C2D1CFB-97D6-4D74-AC3E-BEBAC52DD3D7}"
EndProject
Global
	GlobalSection(SolutionConfigurationPlatforms) = preSolution
		Debug|Any CPU = Debug|Any CPU
		Release|Any CPU = Release|Any CPU
	EndGlobalSection
	GlobalSection(ProjectConfigurationPlatforms) = postSolution
		{86BE6B16-EB4C-4638-ADCC-CEE62E658692}.Debug|Any CPU.ActiveCfg = Debug|Any CPU
		{86BE6B16-EB4C-4638-ADCC-CEE62E658692}.Debug|Any CPU.Build.0 = Debug|Any CPU
		{86BE6B16-EB4C-4638-ADCC-CEE62E658692}.Release|Any CPU.ActiveCfg = Release|Any CPU
		{86BE6B16-EB4C-4638-ADCC-CEE62E658692}.Release|Any CPU.Build.0 = Release|Any CPU
		{F57ADA88-F269-4B41-B1FC-FE121AB79276}.Debug|Any CPU.ActiveCfg = Debug|Any CPU
		{F57ADA88-F269-4B41-B1FC-FE121AB79276}.Debug|Any CPU.Build.0 = Debug|Any CPU
		{F57ADA88-F269-4B41-B1FC-FE121AB79276}.Release|Any CPU.ActiveCfg = Release|Any CPU
		{F57ADA88-F269-4B41-B1FC-FE121AB79276}.Release|Any CPU.Build.0 = Release|Any CPU
		{C9FFEC8B-121C-4D93-A8DD-417686C19A90}.Debug|Any CPU.ActiveCfg = Debug|Any CPU
		{C9FFEC8B-121C-4D93-A8DD-417686C19A90}.Debug|Any CPU.Build.0 = Debug|Any CPU
		{C9FFEC8B-121C-4D93-A8DD-417686C19A90}.Release|Any CPU.ActiveCfg = Release|Any CPU
		{C9FFEC8B-121C-4D93-A8DD-417686C19A90}.Release|Any CPU.Build.0 = Release|Any CPU
		{BD2FA95A-C2C9-4512-A90A-348DA9447645}.Debug|Any CPU.ActiveCfg = Debug|Any CPU
		{BD2FA95A-C2C9-4512-A90A-348DA9447645}.Debug|Any CPU.Build.0 = Debug|Any CPU
		{BD2FA95A-C2C9-4512-A90A-348DA9447645}.Release|Any CPU.ActiveCfg = Release|Any CPU
		{BD2FA95A-C2C9-4512-A90A-348DA9447645}.Release|Any CPU.Build.0 = Release|Any CPU
		{7E5D3C08-FE54-4A90-B302-CCD26DABFFB6}.Debug|Any CPU.ActiveCfg = Debug|Any CPU
		{7E5D3C08-FE54-4A90-B302-CCD26DABFFB6}.Debug|Any CPU.Build.0 = Debug|Any CPU
		{7E5D3C08-FE54-4A90-B302-CCD26DABFFB6}.Release|Any CPU.ActiveCfg = Release|Any CPU
		{7E5D3C08-FE54-4A90-B302-CCD26DABFFB6}.Release|Any CPU.Build.0 = Release|Any CPU
		{F1869C4E-C8F4-4BF8-BC45-EBFDF6B57568}.Debug|Any CPU.ActiveCfg = Debug|Any CPU
		{F1869C4E-C8F4-4BF8-BC45-EBFDF6B57568}.Debug|Any CPU.Build.0 = Debug|Any CPU
		{F1869C4E-C8F4-4BF8-BC45-EBFDF6B57568}.Release|Any CPU.ActiveCfg = Release|Any CPU
		{F1869C4E-C8F4-4BF8-BC45-EBFDF6B57568}.Release|Any CPU.Build.0 = Release|Any CPU
		{9C2D1CFB-97D6-4D74-AC3E-BEBAC52DD3D7}.Debug|Any CPU.ActiveCfg = Debug|Any CPU
		{9C2D1CFB-97D6-4D74-AC3E-BEBAC52DD3D7}.Debug|Any CPU.Build.0 = Debug|Any CPU
		{9C2D1CFB-97D6-4D74-AC3E-BEBAC52DD3D7}.Release|Any CPU.ActiveCfg = Release|Any CPU
		{9C2D1CFB-97D6-4D74-AC3E-BEBAC52DD3D7}.Release|Any CPU.Build.0 = Release|Any CPU
	EndGlobalSection
	GlobalSection(SolutionProperties) = preSolution
		HideSolutionNode = FALSE
	EndGlobalSection
	GlobalSection(ExtensibilityGlobals) = postSolution
		SolutionGuid = {9382B403-8E9E-49FA-9430-AC1BCDD5EBA6}
	EndGlobalSection
EndGlobal
